{
  "version": 4,
  "terraform_version": "1.6.6",
  "serial": 9,
  "lineage": "80da9f19-2317-85b7-7449-508ab3fdb414",
  "outputs": {
    "cluster_endpoint": {
      "value": "https://D52C4B7BF2741592D6E3AC7426961A15.gr7.us-west-2.eks.amazonaws.com",
      "type": "string"
    },
    "cluster_name": {
      "value": "eks-demo",
      "type": "string"
    }
  },
  "resources": [
    {
      "mode": "managed",
      "type": "aws_eks_cluster",
      "name": "main",
      "provider": "provider[\"registry.terraform.io/hashicorp/aws\"]",
      "instances": [
        {
          "schema_version": 1,
          "attributes": {
            "access_config": [
              {
                "authentication_mode": "CONFIG_MAP",
                "bootstrap_cluster_creator_admin_permissions": true
              }
            ],
            "arn": "arn:aws:eks:us-west-2:194722428485:cluster/eks-demo",
            "bootstrap_self_managed_addons": true,
            "certificate_authority": [
              {
                "data": "LS0tLS1CRUdJTiBDRVJUSUZJQ0FURS0tLS0tCk1JSURCVENDQWUyZ0F3SUJBZ0lJVHRPZDF0d1M3Ynd3RFFZSktvWklodmNOQVFFTEJRQXdGVEVUTUJFR0ExVUUKQXhNS2EzVmlaWEp1WlhSbGN6QWVGdzB5TlRBME1qRXhOVFF6TWpGYUZ3MHpOVEEwTVRreE5UUTRNakZhTUJVeApFekFSQmdOVkJBTVRDbXQxWW1WeWJtVjBaWE13Z2dFaU1BMEdDU3FHU0liM0RRRUJBUVVBQTRJQkR3QXdnZ0VLCkFvSUJBUUM3b0U3WnBrMWZlSk85UzBZYmpzSkxFb3ZIR2Jxb2lqOXJ3YWdkSSs1UGtZeml4QWE1NmM5bDlXam4KZzMxd29BckJUQmIwWlA2Rm5icWR3Q2c1bVFrUWlPVmpHVXo3eHlldVlUaGp5VWtWWEdIYk4vRldBS3RRTytkUQpsZ1FrbUJwNTNGQVNONlEwMUhiRXdVR2xLOGs4ZDArNXV1Ylo0SzN1THdwSnRJMGVQbW1DTC9uUnFLeGh3N05yCldOSkpJM2lzL2ZTOVNoVXV5R1VsSnNHMnhUSG9mbVRteFVaR0xHbGpkc0NIby9PVjBtNEJlQ2Fhazg3aExFMHoKUFNlYlBpZ1pLS3RVSGxodWNsZDlWVmhCOHB3K2lFR1FiZUVoUVZhaldhcjhoWThmcFBhdjVuNnZyVExHVVhyZQovZ2twR3RKbWw2emtmWFIzZE1VeTkvKzdCQ0p2QWdNQkFBR2pXVEJYTUE0R0ExVWREd0VCL3dRRUF3SUNwREFQCkJnTlZIUk1CQWY4RUJUQURBUUgvTUIwR0ExVWREZ1FXQkJUSXVmajF2N2FDcG9IdW02UzdpRmJqZWJ0YmtEQVYKQmdOVkhSRUVEakFNZ2dwcmRXSmxjbTVsZEdWek1BMEdDU3FHU0liM0RRRUJDd1VBQTRJQkFRQVRVcEdES2lCawpMTDJWL1V3b3I2T1BTVDhOMTh3cmg2U3BYN2ppdUwxd3liTlZqVUlSUU9qVGJTb2E3UU5Qa2xzOXkzZjZ3T3A3ClhKcHY2ZXlzWk41RGgxWlVsZkd5OXdBdnpqMkF1cjNSbWNRS0F4SWxvaDNuQWJGc1M1UEgrTnhWNS9iTDFxWFUKQ1V1YlNLQUJNWWlVdm5sNndFYy9SNDMrdWhmOVlDNFhxWVZrN3FUOWNwdHVGcys3T0NtOTUySnNDaVZPSmlKUgpSdnJMMjlpSUNvb2EvOUc0WXpHc1RhMHNSU3NDQlJXaUdtOElFNXJldkUvTWNwSERpb3VtWkZHWFlJUTBteXBBCm1WNmlJL1JWOU11K2IzTEZPTzNUMGdXS00xaG1qVHFwdnVNR2N0M0ZqYUVaRTRkaUg3andzcnI3cFZMdFliSnUKU1lLamFFMFFhTEw1Ci0tLS0tRU5EIENFUlRJRklDQVRFLS0tLS0K"
              }
            ],
            "cluster_id": null,
            "compute_config": [],
            "created_at": "2025-04-21T15:44:03Z",
            "enabled_cluster_log_types": null,
            "encryption_config": [],
            "endpoint": "https://D52C4B7BF2741592D6E3AC7426961A15.gr7.us-west-2.eks.amazonaws.com",
            "force_update_version": null,
            "id": "eks-demo",
            "identity": [
              {
                "oidc": [
                  {
                    "issuer": "https://oidc.eks.us-west-2.amazonaws.com/id/D52C4B7BF2741592D6E3AC7426961A15"
                  }
                ]
              }
            ],
            "kubernetes_network_config": [
              {
                "elastic_load_balancing": [
                  {
                    "enabled": false
                  }
                ],
                "ip_family": "ipv4",
                "service_ipv4_cidr": "172.20.0.0/16",
                "service_ipv6_cidr": ""
              }
            ],
            "name": "eks-demo",
            "outpost_config": [],
            "platform_version": "eks.35",
            "remote_network_config": [],
            "role_arn": "arn:aws:iam::194722428485:role/eks-demo-cluster-role",
            "status": "ACTIVE",
            "storage_config": [],
            "tags": null,
            "tags_all": {},
            "timeouts": null,
            "upgrade_policy": [
              {
                "support_type": "EXTENDED"
              }
            ],
            "version": "1.29",
            "vpc_config": [
              {
                "cluster_security_group_id": "sg-0e6e0c52e0da35ca6",
                "endpoint_private_access": false,
                "endpoint_public_access": true,
                "public_access_cidrs": [
                  "0.0.0.0/0"
                ],
                "security_group_ids": null,
                "subnet_ids": [
                  "subnet-09135162cdd20ae51",
                  "subnet-0e05532d7b7a81c5d"
                ],
                "vpc_id": "vpc-02c626c31d5e03b6c"
              }
            ],
            "zonal_shift_config": []
          },
          "sensitive_attributes": [],
          "private": "eyJlMmJmYjczMC1lY2FhLTExZTYtOGY4OC0zNDM2M2JjN2M0YzAiOnsiY3JlYXRlIjoxODAwMDAwMDAwMDAwLCJkZWxldGUiOjkwMDAwMDAwMDAwMCwidXBkYXRlIjozNjAwMDAwMDAwMDAwfSwic2NoZW1hX3ZlcnNpb24iOiIxIn0=",
          "dependencies": [
            "aws_iam_role.cluster",
            "aws_iam_role_policy_attachment.cluster_policy"
          ]
        }
      ]
    },
    {
      "mode": "managed",
      "type": "aws_eks_node_group",
      "name": "main",
      "provider": "provider[\"registry.terraform.io/hashicorp/aws\"]",
      "instances": [
        {
          "index_key": "default",
          "schema_version": 0,
          "attributes": {
            "ami_type": "AL2_x86_64",
            "arn": "arn:aws:eks:us-west-2:194722428485:nodegroup/eks-demo/default/5ecb2c85-7ca9-7810-a651-01018c2c6bdd",
            "capacity_type": "ON_DEMAND",
            "cluster_name": "eks-demo",
            "disk_size": 20,
            "force_update_version": null,
            "id": "eks-demo:default",
            "instance_types": [
              "t3.medium"
            ],
            "labels": null,
            "launch_template": [],
            "node_group_name": "default",
            "node_group_name_prefix": "",
            "node_repair_config": [],
            "node_role_arn": "arn:aws:iam::194722428485:role/eks-demo-node-role",
            "release_version": "1.29.13-20250410",
            "remote_access": [],
            "resources": [
              {
                "autoscaling_groups": [
                  {
                    "name": "eks-default-5ecb2c85-7ca9-7810-a651-01018c2c6bdd"
                  }
                ],
                "remote_access_security_group_id": ""
              }
            ],
            "scaling_config": [
              {
                "desired_size": 2,
                "max_size": 3,
                "min_size": 1
              }
            ],
            "status": "ACTIVE",
            "subnet_ids": [
              "subnet-09135162cdd20ae51",
              "subnet-0e05532d7b7a81c5d"
            ],
            "tags": null,
            "tags_all": {},
            "taint": [],
            "timeouts": null,
            "update_config": [
              {
                "max_unavailable": 1,
                "max_unavailable_percentage": 0
              }
            ],
            "version": "1.29"
          },
          "sensitive_attributes": [],
          "private": "eyJlMmJmYjczMC1lY2FhLTExZTYtOGY4OC0zNDM2M2JjN2M0YzAiOnsiY3JlYXRlIjozNjAwMDAwMDAwMDAwLCJkZWxldGUiOjM2MDAwMDAwMDAwMDAsInVwZGF0ZSI6MzYwMDAwMDAwMDAwMH19",
          "dependencies": [
            "aws_eks_cluster.main",
            "aws_iam_role.cluster",
            "aws_iam_role.node",
            "aws_iam_role_policy_attachment.cluster_policy",
            "aws_iam_role_policy_attachment.node_policy"
          ]
        }
      ]
    },
    {
      "mode": "managed",
      "type": "aws_iam_role",
      "name": "cluster",
      "provider": "provider[\"registry.terraform.io/hashicorp/aws\"]",
      "instances": [
        {
          "schema_version": 0,
          "attributes": {
            "arn": "arn:aws:iam::194722428485:role/eks-demo-cluster-role",
            "assume_role_policy": "{\"Statement\":[{\"Action\":\"sts:AssumeRole\",\"Effect\":\"Allow\",\"Principal\":{\"Service\":\"eks.amazonaws.com\"}}],\"Version\":\"2012-10-17\"}",
            "create_date": "2025-04-21T15:43:58Z",
            "description": "",
            "force_detach_policies": false,
            "id": "eks-demo-cluster-role",
            "inline_policy": [],
            "managed_policy_arns": [],
            "max_session_duration": 3600,
            "name": "eks-demo-cluster-role",
            "name_prefix": "",
            "path": "/",
            "permissions_boundary": "",
            "tags": null,
            "tags_all": {},
            "unique_id": "AROAS2VS4OZC6RHENUNMU"
          },
          "sensitive_attributes": [],
          "private": "bnVsbA=="
        }
      ]
    },
    {
      "mode": "managed",
      "type": "aws_iam_role",
      "name": "node",
      "provider": "provider[\"registry.terraform.io/hashicorp/aws\"]",
      "instances": [
        {
          "schema_version": 0,
          "attributes": {
            "arn": "arn:aws:iam::194722428485:role/eks-demo-node-role",
            "assume_role_policy": "{\"Statement\":[{\"Action\":\"sts:AssumeRole\",\"Effect\":\"Allow\",\"Principal\":{\"Service\":\"ec2.amazonaws.com\"}}],\"Version\":\"2012-10-17\"}",
            "create_date": "2025-04-21T15:43:58Z",
            "description": "",
            "force_detach_policies": false,
            "id": "eks-demo-node-role",
            "inline_policy": [],
            "managed_policy_arns": [],
            "max_session_duration": 3600,
            "name": "eks-demo-node-role",
            "name_prefix": "",
            "path": "/",
            "permissions_boundary": "",
            "tags": null,
            "tags_all": {},
            "unique_id": "AROAS2VS4OZCRVN54CXAA"
          },
          "sensitive_attributes": [],
          "private": "bnVsbA=="
        }
      ]
    },
    {
      "mode": "managed",
      "type": "aws_iam_role_policy_attachment",
      "name": "cluster_policy",
      "provider": "provider[\"registry.terraform.io/hashicorp/aws\"]",
      "instances": [
        {
          "schema_version": 0,
          "attributes": {
            "id": "eks-demo-cluster-role-20250421154400706300000004",
            "policy_arn": "arn:aws:iam::aws:policy/AmazonEKSClusterPolicy",
            "role": "eks-demo-cluster-role"
          },
          "sensitive_attributes": [],
          "private": "bnVsbA==",
          "dependencies": [
            "aws_iam_role.cluster"
          ]
        }
      ]
    },
    {
      "mode": "managed",
      "type": "aws_iam_role_policy_attachment",
      "name": "node_policy",
      "provider": "provider[\"registry.terraform.io/hashicorp/aws\"]",
      "instances": [
        {
          "index_key": "arn:aws:iam::aws:policy/AmazonEC2ContainerRegistryReadOnly",
          "schema_version": 0,
          "attributes": {
            "id": "eks-demo-node-role-20250421154400542400000003",
            "policy_arn": "arn:aws:iam::aws:policy/AmazonEC2ContainerRegistryReadOnly",
            "role": "eks-demo-node-role"
          },
          "sensitive_attributes": [],
          "private": "bnVsbA==",
          "dependencies": [
            "aws_iam_role.node"
          ]
        },
        {
          "index_key": "arn:aws:iam::aws:policy/AmazonEKSWorkerNodePolicy",
          "schema_version": 0,
          "attributes": {
            "id": "eks-demo-node-role-20250421154400372700000002",
            "policy_arn": "arn:aws:iam::aws:policy/AmazonEKSWorkerNodePolicy",
            "role": "eks-demo-node-role"
          },
          "sensitive_attributes": [],
          "private": "bnVsbA==",
          "dependencies": [
            "aws_iam_role.node"
          ]
        },
        {
          "index_key": "arn:aws:iam::aws:policy/AmazonEKS_CNI_Policy",
          "schema_version": 0,
          "attributes": {
            "id": "eks-demo-node-role-20250421154400254000000001",
            "policy_arn": "arn:aws:iam::aws:policy/AmazonEKS_CNI_Policy",
            "role": "eks-demo-node-role"
          },
          "sensitive_attributes": [],
          "private": "bnVsbA==",
          "dependencies": [
            "aws_iam_role.node"
          ]
        }
      ]
    }
  ],
  "check_results": null
}
